
Microsoft Visual Studio Solution File, Format Version 12.00
# Visual Studio Version 16
VisualStudioVersion = 16.0.31402.337
MinimumVisualStudioVersion = 10.0.40219.1
Project("{8BC9CEB8-8B4A-11D0-8D11-00A0C91BC942}") = "SpugetEngine", "SpugetEngine\SpugetEngine.vcxproj", "{F5906A51-A197-4905-A221-5433D85DE6E1}"
EndProject
Project("{8BC9CEB8-8B4A-11D0-8D11-00A0C91BC942}") = "DemoGame", "DemoGame\DemoGame.vcxproj", "{C1B45A2C-9B25-448F-80BC-169BB9E554DD}"
EndProject
Project("{8BC9CEB8-8B4A-11D0-8D11-00A0C91BC942}") = "glad_openGL", "glad_openGL\glad_openGL.vcxproj", "{1F15F356-4732-4F99-B65D-8E3A49E29933}"
EndProject
Project("{8BC9CEB8-8B4A-11D0-8D11-00A0C91BC942}") = "glfw", "glfw\build\src\glfw.vcxproj", "{CA81DE87-9676-3602-8F88-A1A909B2AE70}"
EndProject
Project("{8BC9CEB8-8B4A-11D0-8D11-00A0C91BC942}") = "stb_image", "stb_image\stb_image.vcxproj", "{B0DB1215-7AF5-4C93-8322-AF98B1EE9E9B}"
EndProject
Global
	GlobalSection(SolutionConfigurationPlatforms) = preSolution
		Debug|x64 = Debug|x64
		MinSizeRel|x64 = MinSizeRel|x64
		Release|x64 = Release|x64
		RelWithDebInfo|x64 = RelWithDebInfo|x64
	EndGlobalSection
	GlobalSection(ProjectConfigurationPlatforms) = postSolution
		{F5906A51-A197-4905-A221-5433D85DE6E1}.Debug|x64.ActiveCfg = Debug|x64
		{F5906A51-A197-4905-A221-5433D85DE6E1}.Debug|x64.Build.0 = Debug|x64
		{F5906A51-A197-4905-A221-5433D85DE6E1}.MinSizeRel|x64.ActiveCfg = Release|x64
		{F5906A51-A197-4905-A221-5433D85DE6E1}.MinSizeRel|x64.Build.0 = Release|x64
		{F5906A51-A197-4905-A221-5433D85DE6E1}.Release|x64.ActiveCfg = Release|x64
		{F5906A51-A197-4905-A221-5433D85DE6E1}.Release|x64.Build.0 = Release|x64
		{F5906A51-A197-4905-A221-5433D85DE6E1}.RelWithDebInfo|x64.ActiveCfg = Release|x64
		{F5906A51-A197-4905-A221-5433D85DE6E1}.RelWithDebInfo|x64.Build.0 = Release|x64
		{C1B45A2C-9B25-448F-80BC-169BB9E554DD}.Debug|x64.ActiveCfg = Debug|x64
		{C1B45A2C-9B25-448F-80BC-169BB9E554DD}.Debug|x64.Build.0 = Debug|x64
		{C1B45A2C-9B25-448F-80BC-169BB9E554DD}.MinSizeRel|x64.ActiveCfg = Release|x64
		{C1B45A2C-9B25-448F-80BC-169BB9E554DD}.MinSizeRel|x64.Build.0 = Release|x64
		{C1B45A2C-9B25-448F-80BC-169BB9E554DD}.Release|x64.ActiveCfg = Release|x64
		{C1B45A2C-9B25-448F-80BC-169BB9E554DD}.Release|x64.Build.0 = Release|x64
		{C1B45A2C-9B25-448F-80BC-169BB9E554DD}.RelWithDebInfo|x64.ActiveCfg = Release|x64
		{C1B45A2C-9B25-448F-80BC-169BB9E554DD}.RelWithDebInfo|x64.Build.0 = Release|x64
		{1F15F356-4732-4F99-B65D-8E3A49E29933}.Debug|x64.ActiveCfg = Debug|x64
		{1F15F356-4732-4F99-B65D-8E3A49E29933}.Debug|x64.Build.0 = Debug|x64
		{1F15F356-4732-4F99-B65D-8E3A49E29933}.MinSizeRel|x64.ActiveCfg = Debug|x64
		{1F15F356-4732-4F99-B65D-8E3A49E29933}.MinSizeRel|x64.Build.0 = Debug|x64
		{1F15F356-4732-4F99-B65D-8E3A49E29933}.Release|x64.ActiveCfg = Release|x64
		{1F15F356-4732-4F99-B65D-8E3A49E29933}.Release|x64.Build.0 = Release|x64
		{1F15F356-4732-4F99-B65D-8E3A49E29933}.RelWithDebInfo|x64.ActiveCfg = Release|x64
		{1F15F356-4732-4F99-B65D-8E3A49E29933}.RelWithDebInfo|x64.Build.0 = Release|x64
		{CA81DE87-9676-3602-8F88-A1A909B2AE70}.Debug|x64.ActiveCfg = Debug|x64
		{CA81DE87-9676-3602-8F88-A1A909B2AE70}.Debug|x64.Build.0 = Debug|x64
		{CA81DE87-9676-3602-8F88-A1A909B2AE70}.MinSizeRel|x64.ActiveCfg = MinSizeRel|x64
		{CA81DE87-9676-3602-8F88-A1A909B2AE70}.MinSizeRel|x64.Build.0 = MinSizeRel|x64
		{CA81DE87-9676-3602-8F88-A1A909B2AE70}.Release|x64.ActiveCfg = Release|x64
		{CA81DE87-9676-3602-8F88-A1A909B2AE70}.Release|x64.Build.0 = Release|x64
		{CA81DE87-9676-3602-8F88-A1A909B2AE70}.RelWithDebInfo|x64.ActiveCfg = RelWithDebInfo|x64
		{CA81DE87-9676-3602-8F88-A1A909B2AE70}.RelWithDebInfo|x64.Build.0 = RelWithDebInfo|x64
		{B0DB1215-7AF5-4C93-8322-AF98B1EE9E9B}.Debug|x64.ActiveCfg = Debug|x64
		{B0DB1215-7AF5-4C93-8322-AF98B1EE9E9B}.Debug|x64.Build.0 = Debug|x64
		{B0DB1215-7AF5-4C93-8322-AF98B1EE9E9B}.MinSizeRel|x64.ActiveCfg = Debug|x64
		{B0DB1215-7AF5-4C93-8322-AF98B1EE9E9B}.MinSizeRel|x64.Build.0 = Debug|x64
		{B0DB1215-7AF5-4C93-8322-AF98B1EE9E9B}.Release|x64.ActiveCfg = Release|x64
		{B0DB1215-7AF5-4C93-8322-AF98B1EE9E9B}.Release|x64.Build.0 = Release|x64
		{B0DB1215-7AF5-4C93-8322-AF98B1EE9E9B}.RelWithDebInfo|x64.ActiveCfg = Release|x64
		{B0DB1215-7AF5-4C93-8322-AF98B1EE9E9B}.RelWithDebInfo|x64.Build.0 = Release|x64
	EndGlobalSection
	GlobalSection(SolutionProperties) = preSolution
		HideSolutionNode = FALSE
	EndGlobalSection
	GlobalSection(ExtensibilityGlobals) = postSolution
		SolutionGuid = {9D90E799-2E27-4B45-9565-16121B7D661D}
	EndGlobalSection
EndGlobal
